
Microsoft Visual Studio Solution File, Format Version 12.00
# Visual Studio Version 17
VisualStudioVersion = 17.12.35527.113
MinimumVisualStudioVersion = 10.0.40219.1
Project("{8BC9CEB8-8B4A-11D0-8D11-00A0C91BC942}") = "LoginDetector", "S.P.Y.vcxproj", "{80496F6A-D548-4105-9653-E7703C0356FF}"
EndProject
Project("{FAE04EC0-301F-11D3-BF4B-00C04F79EFBC}") = "LoginDetectorMonitor", "..\LoginDetectorMonitor\LoginDetectorMonitor.csproj", "{CEFBF618-D3ED-4B46-9EC4-ADB6084EE799}"
EndProject
Global
	GlobalSection(SolutionConfigurationPlatforms) = preSolution
		Debug|Any CPU = Debug|Any CPU
		Debug|x64 = Debug|x64
		Debug|x86 = Debug|x86
		Release|Any CPU = Release|Any CPU
		Release|x64 = Release|x64
		Release|x86 = Release|x86
	EndGlobalSection
	GlobalSection(ProjectConfigurationPlatforms) = postSolution
		{80496F6A-D548-4105-9653-E7703C0356FF}.Debug|Any CPU.ActiveCfg = Debug|x64
		{80496F6A-D548-4105-9653-E7703C0356FF}.Debug|Any CPU.Build.0 = Debug|x64
		{80496F6A-D548-4105-9653-E7703C0356FF}.Debug|x64.ActiveCfg = Debug|x64
		{80496F6A-D548-4105-9653-E7703C0356FF}.Debug|x64.Build.0 = Debug|x64
		{80496F6A-D548-4105-9653-E7703C0356FF}.Debug|x86.ActiveCfg = Debug|Win32
		{80496F6A-D548-4105-9653-E7703C0356FF}.Debug|x86.Build.0 = Debug|Win32
		{80496F6A-D548-4105-9653-E7703C0356FF}.Release|Any CPU.ActiveCfg = Release|x64
		{80496F6A-D548-4105-9653-E7703C0356FF}.Release|Any CPU.Build.0 = Release|x64
		{80496F6A-D548-4105-9653-E7703C0356FF}.Release|x64.ActiveCfg = Release|x64
		{80496F6A-D548-4105-9653-E7703C0356FF}.Release|x64.Build.0 = Release|x64
		{80496F6A-D548-4105-9653-E7703C0356FF}.Release|x86.ActiveCfg = Release|Win32
		{80496F6A-D548-4105-9653-E7703C0356FF}.Release|x86.Build.0 = Release|Win32
		{CEFBF618-D3ED-4B46-9EC4-ADB6084EE799}.Debug|Any CPU.ActiveCfg = Debug|Any CPU
		{CEFBF618-D3ED-4B46-9EC4-ADB6084EE799}.Debug|Any CPU.Build.0 = Debug|Any CPU
		{CEFBF618-D3ED-4B46-9EC4-ADB6084EE799}.Debug|x64.ActiveCfg = Debug|Any CPU
		{CEFBF618-D3ED-4B46-9EC4-ADB6084EE799}.Debug|x64.Build.0 = Debug|Any CPU
		{CEFBF618-D3ED-4B46-9EC4-ADB6084EE799}.Debug|x86.ActiveCfg = Debug|Any CPU
		{CEFBF618-D3ED-4B46-9EC4-ADB6084EE799}.Debug|x86.Build.0 = Debug|Any CPU
		{CEFBF618-D3ED-4B46-9EC4-ADB6084EE799}.Release|Any CPU.ActiveCfg = Release|Any CPU
		{CEFBF618-D3ED-4B46-9EC4-ADB6084EE799}.Release|Any CPU.Build.0 = Release|Any CPU
		{CEFBF618-D3ED-4B46-9EC4-ADB6084EE799}.Release|x64.ActiveCfg = Release|Any CPU
		{CEFBF618-D3ED-4B46-9EC4-ADB6084EE799}.Release|x64.Build.0 = Release|Any CPU
		{CEFBF618-D3ED-4B46-9EC4-ADB6084EE799}.Release|x86.ActiveCfg = Release|Any CPU
		{CEFBF618-D3ED-4B46-9EC4-ADB6084EE799}.Release|x86.Build.0 = Release|Any CPU
	EndGlobalSection
	GlobalSection(SolutionProperties) = preSolution
		HideSolutionNode = FALSE
	EndGlobalSection
EndGlobal
